{
  "pins" : [
    {
      "identity" : "appauth-ios",
      "kind" : "remoteSourceControl",
      "location" : "https://github.com/openid/AppAuth-iOS",
      "state" : {
        "revision" : "3d36a58a2b736f7bc499453e996a704929b25080",
        "version" : "1.6.0"
      }
    }
  ],
  "version" : 2
}
