// !$*UTF8*$!
{
	archiveVersion = 1;
	classes = {
	};
	objectVersion = 55;
	objects = {

/* Begin PBXBuildFile section */
		91EBDA2A2982CF5C0060C3E9 /* AppAuth in Frameworks */ = {isa = PBXBuildFile; productRef = 91EBDA292982CF5C0060C3E9 /* AppAuth */; };
		9295AA6C28C47F2F00AC40B1 /* VerifierSampleApp.swift in Sources */ = {isa = PBXBuildFile; fileRef = 9295AA5C28C47F2F00AC40B1 /* VerifierSampleApp.swift */; };
		9295AA6D28C47F2F00AC40B1 /* VerifierSampleApp.swift in Sources */ = {isa = PBXBuildFile; fileRef = 9295AA5C28C47F2F00AC40B1 /* VerifierSampleApp.swift */; };
		9295AA6E28C47F2F00AC40B1 /* ContentView.swift in Sources */ = {isa = PBXBuildFile; fileRef = 9295AA5D28C47F2F00AC40B1 /* ContentView.swift */; };
		9295AA6F28C47F2F00AC40B1 /* ContentView.swift in Sources */ = {isa = PBXBuildFile; fileRef = 9295AA5D28C47F2F00AC40B1 /* ContentView.swift */; };
		9295AA7028C47F2F00AC40B1 /* Assets.xcassets in Resources */ = {isa = PBXBuildFile; fileRef = 9295AA5E28C47F2F00AC40B1 /* Assets.xcassets */; };
		9295AA7128C47F2F00AC40B1 /* Assets.xcassets in Resources */ = {isa = PBXBuildFile; fileRef = 9295AA5E28C47F2F00AC40B1 /* Assets.xcassets */; };
		9295AA8028C48FDA00AC40B1 /* AppDelegate.swift in Sources */ = {isa = PBXBuildFile; fileRef = 9295AA7F28C48FDA00AC40B1 /* AppDelegate.swift */; };
		9295AA8128C48FDA00AC40B1 /* AppDelegate.swift in Sources */ = {isa = PBXBuildFile; fileRef = 9295AA7F28C48FDA00AC40B1 /* AppDelegate.swift */; };
/* End PBXBuildFile section */

/* Begin PBXFileReference section */
		9295AA5C28C47F2F00AC40B1 /* VerifierSampleApp.swift */ = {isa = PBXFileReference; lastKnownFileType = sourcecode.swift; path = VerifierSampleApp.swift; sourceTree = "<group>"; };
		9295AA5D28C47F2F00AC40B1 /* ContentView.swift */ = {isa = PBXFileReference; lastKnownFileType = sourcecode.swift; path = ContentView.swift; sourceTree = "<group>"; };
		9295AA5E28C47F2F00AC40B1 /* Assets.xcassets */ = {isa = PBXFileReference; lastKnownFileType = folder.assetcatalog; path = Assets.xcassets; sourceTree = "<group>"; };
		9295AA6328C47F2F00AC40B1 /* VerifierSample.app */ = {isa = PBXFileReference; explicitFileType = wrapper.application; includeInIndex = 0; path = VerifierSample.app; sourceTree = BUILT_PRODUCTS_DIR; };
		9295AA6928C47F2F00AC40B1 /* VerifierSample.app */ = {isa = PBXFileReference; explicitFileType = wrapper.application; includeInIndex = 0; path = VerifierSample.app; sourceTree = BUILT_PRODUCTS_DIR; };
		9295AA6B28C47F2F00AC40B1 /* macOS.entitlements */ = {isa = PBXFileReference; lastKnownFileType = text.plist.entitlements; path = macOS.entitlements; sourceTree = "<group>"; };
		9295AA7F28C48FDA00AC40B1 /* AppDelegate.swift */ = {isa = PBXFileReference; lastKnownFileType = sourcecode.swift; path = AppDelegate.swift; sourceTree = "<group>"; };
		9295AA8528C491A800AC40B1 /* Info.plist */ = {isa = PBXFileReference; lastKnownFileType = text.plist.xml; path = Info.plist; sourceTree = "<group>"; };
/* End PBXFileReference section */

/* Begin PBXFrameworksBuildPhase section */
		9295AA6028C47F2F00AC40B1 /* Frameworks */ = {
			isa = PBXFrameworksBuildPhase;
			buildActionMask = 2147483647;
			files = (
				91EBDA2A2982CF5C0060C3E9 /* AppAuth in Frameworks */,
			);
			runOnlyForDeploymentPostprocessing = 0;
		};
		9295AA6628C47F2F00AC40B1 /* Frameworks */ = {
			isa = PBXFrameworksBuildPhase;
			buildActionMask = 2147483647;
			files = (
			);
			runOnlyForDeploymentPostprocessing = 0;
		};
/* End PBXFrameworksBuildPhase section */

/* Begin PBXGroup section */
		9295AA5628C47F2F00AC40B1 = {
			isa = PBXGroup;
			children = (
				9295AA8528C491A800AC40B1 /* Info.plist */,
				9295AA5B28C47F2F00AC40B1 /* Shared */,
				9295AA6A28C47F2F00AC40B1 /* macOS */,
				9295AA6428C47F2F00AC40B1 /* Products */,
			);
			sourceTree = "<group>";
		};
		9295AA5B28C47F2F00AC40B1 /* Shared */ = {
			isa = PBXGroup;
			children = (
				9295AA5C28C47F2F00AC40B1 /* VerifierSampleApp.swift */,
				9295AA5D28C47F2F00AC40B1 /* ContentView.swift */,
				9295AA5E28C47F2F00AC40B1 /* Assets.xcassets */,
				9295AA7F28C48FDA00AC40B1 /* AppDelegate.swift */,
			);
			path = Shared;
			sourceTree = "<group>";
		};
		9295AA6428C47F2F00AC40B1 /* Products */ = {
			isa = PBXGroup;
			children = (
				9295AA6328C47F2F00AC40B1 /* VerifierSample.app */,
				9295AA6928C47F2F00AC40B1 /* VerifierSample.app */,
			);
			name = Products;
			sourceTree = "<group>";
		};
		9295AA6A28C47F2F00AC40B1 /* macOS */ = {
			isa = PBXGroup;
			children = (
				9295AA6B28C47F2F00AC40B1 /* macOS.entitlements */,
			);
			path = macOS;
			sourceTree = "<group>";
		};
/* End PBXGroup section */

/* Begin PBXNativeTarget section */
		9295AA6228C47F2F00AC40B1 /* VerifierSample (iOS) */ = {
			isa = PBXNativeTarget;
			buildConfigurationList = 9295AA7428C47F2F00AC40B1 /* Build configuration list for PBXNativeTarget "VerifierSample (iOS)" */;
			buildPhases = (
				9295AA5F28C47F2F00AC40B1 /* Sources */,
				9295AA6028C47F2F00AC40B1 /* Frameworks */,
				9295AA6128C47F2F00AC40B1 /* Resources */,
			);
			buildRules = (
			);
			dependencies = (
			);
			name = "VerifierSample (iOS)";
			packageProductDependencies = (
				91EBDA292982CF5C0060C3E9 /* AppAuth */,
			);
			productName = "VerifierSample (iOS)";
			productReference = 9295AA6328C47F2F00AC40B1 /* VerifierSample.app */;
			productType = "com.apple.product-type.application";
		};
		9295AA6828C47F2F00AC40B1 /* VerifierSample (macOS) */ = {
			isa = PBXNativeTarget;
			buildConfigurationList = 9295AA7728C47F2F00AC40B1 /* Build configuration list for PBXNativeTarget "VerifierSample (macOS)" */;
			buildPhases = (
				9295AA6528C47F2F00AC40B1 /* Sources */,
				9295AA6628C47F2F00AC40B1 /* Frameworks */,
				9295AA6728C47F2F00AC40B1 /* Resources */,
			);
			buildRules = (
			);
			dependencies = (
			);
			name = "VerifierSample (macOS)";
			productName = "VerifierSample (macOS)";
			productReference = 9295AA6928C47F2F00AC40B1 /* VerifierSample.app */;
			productType = "com.apple.product-type.application";
		};
/* End PBXNativeTarget section */

/* Begin PBXProject section */
		9295AA5728C47F2F00AC40B1 /* Project object */ = {
			isa = PBXProject;
			attributes = {
				BuildIndependentTargetsInParallel = 1;
				LastSwiftUpdateCheck = 1340;
				LastUpgradeCheck = 1340;
				TargetAttributes = {
					9295AA6228C47F2F00AC40B1 = {
						CreatedOnToolsVersion = 13.4.1;
					};
					9295AA6828C47F2F00AC40B1 = {
						CreatedOnToolsVersion = 13.4.1;
					};
				};
			};
			buildConfigurationList = 9295AA5A28C47F2F00AC40B1 /* Build configuration list for PBXProject "VerifierSample" */;
			compatibilityVersion = "Xcode 13.0";
			developmentRegion = en;
			hasScannedForEncodings = 0;
			knownRegions = (
				en,
				Base,
			);
			mainGroup = 9295AA5628C47F2F00AC40B1;
			packageReferences = (
				91EBDA282982CF5C0060C3E9 /* XCRemoteSwiftPackageReference "AppAuth-iOS" */,
			);
			productRefGroup = 9295AA6428C47F2F00AC40B1 /* Products */;
			projectDirPath = "";
			projectRoot = "";
			targets = (
				9295AA6228C47F2F00AC40B1 /* VerifierSample (iOS) */,
				9295AA6828C47F2F00AC40B1 /* VerifierSample (macOS) */,
			);
		};
/* End PBXProject section */

/* Begin PBXResourcesBuildPhase section */
		9295AA6128C47F2F00AC40B1 /* Resources */ = {
			isa = PBXResourcesBuildPhase;
			buildActionMask = 2147483647;
			files = (
				9295AA7028C47F2F00AC40B1 /* Assets.xcassets in Resources */,
			);
			runOnlyForDeploymentPostprocessing = 0;
		};
		9295AA6728C47F2F00AC40B1 /* Resources */ = {
			isa = PBXResourcesBuildPhase;
			buildActionMask = 2147483647;
			files = (
				9295AA7128C47F2F00AC40B1 /* Assets.xcassets in Resources */,
			);
			runOnlyForDeploymentPostprocessing = 0;
		};
/* End PBXResourcesBuildPhase section */

/* Begin PBXSourcesBuildPhase section */
		9295AA5F28C47F2F00AC40B1 /* Sources */ = {
			isa = PBXSourcesBuildPhase;
			buildActionMask = 2147483647;
			files = (
				9295AA8028C48FDA00AC40B1 /* AppDelegate.swift in Sources */,
				9295AA6E28C47F2F00AC40B1 /* ContentView.swift in Sources */,
				9295AA6C28C47F2F00AC40B1 /* VerifierSampleApp.swift in Sources */,
			);
			runOnlyForDeploymentPostprocessing = 0;
		};
		9295AA6528C47F2F00AC40B1 /* Sources */ = {
			isa = PBXSourcesBuildPhase;
			buildActionMask = 2147483647;
			files = (
				9295AA8128C48FDA00AC40B1 /* AppDelegate.swift in Sources */,
				9295AA6F28C47F2F00AC40B1 /* ContentView.swift in Sources */,
				9295AA6D28C47F2F00AC40B1 /* VerifierSampleApp.swift in Sources */,
			);
			runOnlyForDeploymentPostprocessing = 0;
		};
/* End PBXSourcesBuildPhase section */

/* Begin XCBuildConfiguration section */
		9295AA7228C47F2F00AC40B1 /* Debug */ = {
			isa = XCBuildConfiguration;
			buildSettings = {
				ALWAYS_SEARCH_USER_PATHS = NO;
				CLANG_ANALYZER_NONNULL = YES;
				CLANG_ANALYZER_NUMBER_OBJECT_CONVERSION = YES_AGGRESSIVE;
				CLANG_CXX_LANGUAGE_STANDARD = "gnu++17";
				CLANG_ENABLE_MODULES = YES;
				CLANG_ENABLE_OBJC_ARC = YES;
				CLANG_ENABLE_OBJC_WEAK = YES;
				CLANG_WARN_BLOCK_CAPTURE_AUTORELEASING = YES;
				CLANG_WARN_BOOL_CONVERSION = YES;
				CLANG_WARN_COMMA = YES;
				CLANG_WARN_CONSTANT_CONVERSION = YES;
				CLANG_WARN_DEPRECATED_OBJC_IMPLEMENTATIONS = YES;
				CLANG_WARN_DIRECT_OBJC_ISA_USAGE = YES_ERROR;
				CLANG_WARN_DOCUMENTATION_COMMENTS = YES;
				CLANG_WARN_EMPTY_BODY = YES;
				CLANG_WARN_ENUM_CONVERSION = YES;
				CLANG_WARN_INFINITE_RECURSION = YES;
				CLANG_WARN_INT_CONVERSION = YES;
				CLANG_WARN_NON_LITERAL_NULL_CONVERSION = YES;
				CLANG_WARN_OBJC_IMPLICIT_RETAIN_SELF = YES;
				CLANG_WARN_OBJC_LITERAL_CONVERSION = YES;
				CLANG_WARN_OBJC_ROOT_CLASS = YES_ERROR;
				CLANG_WARN_QUOTED_INCLUDE_IN_FRAMEWORK_HEADER = YES;
				CLANG_WARN_RANGE_LOOP_ANALYSIS = YES;
				CLANG_WARN_STRICT_PROTOTYPES = YES;
				CLANG_WARN_SUSPICIOUS_MOVE = YES;
				CLANG_WARN_UNGUARDED_AVAILABILITY = YES_AGGRESSIVE;
				CLANG_WARN_UNREACHABLE_CODE = YES;
				CLANG_WARN__DUPLICATE_METHOD_MATCH = YES;
				COPY_PHASE_STRIP = NO;
				DEBUG_INFORMATION_FORMAT = dwarf;
				ENABLE_STRICT_OBJC_MSGSEND = YES;
				ENABLE_TESTABILITY = YES;
				GCC_C_LANGUAGE_STANDARD = gnu11;
				GCC_DYNAMIC_NO_PIC = NO;
				GCC_NO_COMMON_BLOCKS = YES;
				GCC_OPTIMIZATION_LEVEL = 0;
				GCC_PREPROCESSOR_DEFINITIONS = (
					"DEBUG=1",
					"$(inherited)",
				);
				GCC_WARN_64_TO_32_BIT_CONVERSION = YES;
				GCC_WARN_ABOUT_RETURN_TYPE = YES_ERROR;
				GCC_WARN_UNDECLARED_SELECTOR = YES;
				GCC_WARN_UNINITIALIZED_AUTOS = YES_AGGRESSIVE;
				GCC_WARN_UNUSED_FUNCTION = YES;
				GCC_WARN_UNUSED_VARIABLE = YES;
				MTL_ENABLE_DEBUG_INFO = INCLUDE_SOURCE;
				MTL_FAST_MATH = YES;
				ONLY_ACTIVE_ARCH = YES;
				SWIFT_ACTIVE_COMPILATION_CONDITIONS = DEBUG;
				SWIFT_OPTIMIZATION_LEVEL = "-Onone";
			};
			name = Debug;
		};
		9295AA7328C47F2F00AC40B1 /* Release */ = {
			isa = XCBuildConfiguration;
			buildSettings = {
				ALWAYS_SEARCH_USER_PATHS = NO;
				CLANG_ANALYZER_NONNULL = YES;
				CLANG_ANALYZER_NUMBER_OBJECT_CONVERSION = YES_AGGRESSIVE;
				CLANG_CXX_LANGUAGE_STANDARD = "gnu++17";
				CLANG_ENABLE_MODULES = YES;
				CLANG_ENABLE_OBJC_ARC = YES;
				CLANG_ENABLE_OBJC_WEAK = YES;
				CLANG_WARN_BLOCK_CAPTURE_AUTORELEASING = YES;
				CLANG_WARN_BOOL_CONVERSION = YES;
				CLANG_WARN_COMMA = YES;
				CLANG_WARN_CONSTANT_CONVERSION = YES;
				CLANG_WARN_DEPRECATED_OBJC_IMPLEMENTATIONS = YES;
				CLANG_WARN_DIRECT_OBJC_ISA_USAGE = YES_ERROR;
				CLANG_WARN_DOCUMENTATION_COMMENTS = YES;
				CLANG_WARN_EMPTY_BODY = YES;
				CLANG_WARN_ENUM_CONVERSION = YES;
				CLANG_WARN_INFINITE_RECURSION = YES;
				CLANG_WARN_INT_CONVERSION = YES;
				CLANG_WARN_NON_LITERAL_NULL_CONVERSION = YES;
				CLANG_WARN_OBJC_IMPLICIT_RETAIN_SELF = YES;
				CLANG_WARN_OBJC_LITERAL_CONVERSION = YES;
				CLANG_WARN_OBJC_ROOT_CLASS = YES_ERROR;
				CLANG_WARN_QUOTED_INCLUDE_IN_FRAMEWORK_HEADER = YES;
				CLANG_WARN_RANGE_LOOP_ANALYSIS = YES;
				CLANG_WARN_STRICT_PROTOTYPES = YES;
				CLANG_WARN_SUSPICIOUS_MOVE = YES;
				CLANG_WARN_UNGUARDED_AVAILABILITY = YES_AGGRESSIVE;
				CLANG_WARN_UNREACHABLE_CODE = YES;
				CLANG_WARN__DUPLICATE_METHOD_MATCH = YES;
				COPY_PHASE_STRIP = NO;
				DEBUG_INFORMATION_FORMAT = "dwarf-with-dsym";
				ENABLE_NS_ASSERTIONS = NO;
				ENABLE_STRICT_OBJC_MSGSEND = YES;
				GCC_C_LANGUAGE_STANDARD = gnu11;
				GCC_NO_COMMON_BLOCKS = YES;
				GCC_WARN_64_TO_32_BIT_CONVERSION = YES;
				GCC_WARN_ABOUT_RETURN_TYPE = YES_ERROR;
				GCC_WARN_UNDECLARED_SELECTOR = YES;
				GCC_WARN_UNINITIALIZED_AUTOS = YES_AGGRESSIVE;
				GCC_WARN_UNUSED_FUNCTION = YES;
				GCC_WARN_UNUSED_VARIABLE = YES;
				MTL_ENABLE_DEBUG_INFO = NO;
				MTL_FAST_MATH = YES;
				SWIFT_COMPILATION_MODE = wholemodule;
				SWIFT_OPTIMIZATION_LEVEL = "-O";
			};
			name = Release;
		};
		9295AA7528C47F2F00AC40B1 /* Debug */ = {
			isa = XCBuildConfiguration;
			buildSettings = {
				ASSETCATALOG_COMPILER_APPICON_NAME = AppIcon;
				ASSETCATALOG_COMPILER_GLOBAL_ACCENT_COLOR_NAME = AccentColor;
				CODE_SIGN_STYLE = Automatic;
				CURRENT_PROJECT_VERSION = 1;
				ENABLE_PREVIEWS = YES;
				GENERATE_INFOPLIST_FILE = YES;
				INFOPLIST_FILE = Info.plist;
				INFOPLIST_KEY_UIApplicationSceneManifest_Generation = YES;
				INFOPLIST_KEY_UIApplicationSupportsIndirectInputEvents = YES;
				INFOPLIST_KEY_UILaunchScreen_Generation = YES;
				INFOPLIST_KEY_UISupportedInterfaceOrientations_iPad = "UIInterfaceOrientationPortrait UIInterfaceOrientationPortraitUpsideDown UIInterfaceOrientationLandscapeLeft UIInterfaceOrientationLandscapeRight";
				INFOPLIST_KEY_UISupportedInterfaceOrientations_iPhone = "UIInterfaceOrientationPortrait UIInterfaceOrientationLandscapeLeft UIInterfaceOrientationLandscapeRight";
				IPHONEOS_DEPLOYMENT_TARGET = 15.5;
				LD_RUNPATH_SEARCH_PATHS = (
					"$(inherited)",
					"@executable_path/Frameworks",
				);
				MARKETING_VERSION = 1.0;
				PRODUCT_BUNDLE_IDENTIFIER = id.trinsic.VerifierSample;
				PRODUCT_NAME = VerifierSample;
				SDKROOT = iphoneos;
				SWIFT_EMIT_LOC_STRINGS = YES;
				SWIFT_VERSION = 5.0;
				TARGETED_DEVICE_FAMILY = "1,2";
			};
			name = Debug;
		};
		9295AA7628C47F2F00AC40B1 /* Release */ = {
			isa = XCBuildConfiguration;
			buildSettings = {
				ASSETCATALOG_COMPILER_APPICON_NAME = AppIcon;
				ASSETCATALOG_COMPILER_GLOBAL_ACCENT_COLOR_NAME = AccentColor;
				CODE_SIGN_STYLE = Automatic;
				CURRENT_PROJECT_VERSION = 1;
				ENABLE_PREVIEWS = YES;
				GENERATE_INFOPLIST_FILE = YES;
				INFOPLIST_FILE = Info.plist;
				INFOPLIST_KEY_UIApplicationSceneManifest_Generation = YES;
				INFOPLIST_KEY_UIApplicationSupportsIndirectInputEvents = YES;
				INFOPLIST_KEY_UILaunchScreen_Generation = YES;
				INFOPLIST_KEY_UISupportedInterfaceOrientations_iPad = "UIInterfaceOrientationPortrait UIInterfaceOrientationPortraitUpsideDown UIInterfaceOrientationLandscapeLeft UIInterfaceOrientationLandscapeRight";
				INFOPLIST_KEY_UISupportedInterfaceOrientations_iPhone = "UIInterfaceOrientationPortrait UIInterfaceOrientationLandscapeLeft UIInterfaceOrientationLandscapeRight";
				IPHONEOS_DEPLOYMENT_TARGET = 15.5;
				LD_RUNPATH_SEARCH_PATHS = (
					"$(inherited)",
					"@executable_path/Frameworks",
				);
				MARKETING_VERSION = 1.0;
				PRODUCT_BUNDLE_IDENTIFIER = id.trinsic.VerifierSample;
				PRODUCT_NAME = VerifierSample;
				SDKROOT = iphoneos;
				SWIFT_EMIT_LOC_STRINGS = YES;
				SWIFT_VERSION = 5.0;
				TARGETED_DEVICE_FAMILY = "1,2";
				VALIDATE_PRODUCT = YES;
			};
			name = Release;
		};
		9295AA7828C47F2F00AC40B1 /* Debug */ = {
			isa = XCBuildConfiguration;
			buildSettings = {
				ASSETCATALOG_COMPILER_APPICON_NAME = AppIcon;
				ASSETCATALOG_COMPILER_GLOBAL_ACCENT_COLOR_NAME = AccentColor;
				CODE_SIGN_ENTITLEMENTS = macOS/macOS.entitlements;
				CODE_SIGN_STYLE = Automatic;
				COMBINE_HIDPI_IMAGES = YES;
				CURRENT_PROJECT_VERSION = 1;
				ENABLE_PREVIEWS = YES;
				GENERATE_INFOPLIST_FILE = YES;
				INFOPLIST_FILE = Info.plist;
				INFOPLIST_KEY_NSHumanReadableCopyright = "";
				LD_RUNPATH_SEARCH_PATHS = (
					"$(inherited)",
					"@executable_path/../Frameworks",
				);
				MACOSX_DEPLOYMENT_TARGET = 12.3;
				MARKETING_VERSION = 1.0;
				PRODUCT_BUNDLE_IDENTIFIER = id.trinsic.VerifierSample;
				PRODUCT_NAME = VerifierSample;
				SDKROOT = macosx;
				SWIFT_EMIT_LOC_STRINGS = YES;
				SWIFT_VERSION = 5.0;
			};
			name = Debug;
		};
		9295AA7928C47F2F00AC40B1 /* Release */ = {
			isa = XCBuildConfiguration;
			buildSettings = {
				ASSETCATALOG_COMPILER_APPICON_NAME = AppIcon;
				ASSETCATALOG_COMPILER_GLOBAL_ACCENT_COLOR_NAME = AccentColor;
				CODE_SIGN_ENTITLEMENTS = macOS/macOS.entitlements;
				CODE_SIGN_STYLE = Automatic;
				COMBINE_HIDPI_IMAGES = YES;
				CURRENT_PROJECT_VERSION = 1;
				ENABLE_PREVIEWS = YES;
				GENERATE_INFOPLIST_FILE = YES;
				INFOPLIST_FILE = Info.plist;
				INFOPLIST_KEY_NSHumanReadableCopyright = "";
				LD_RUNPATH_SEARCH_PATHS = (
					"$(inherited)",
					"@executable_path/../Frameworks",
				);
				MACOSX_DEPLOYMENT_TARGET = 12.3;
				MARKETING_VERSION = 1.0;
				PRODUCT_BUNDLE_IDENTIFIER = id.trinsic.VerifierSample;
				PRODUCT_NAME = VerifierSample;
				SDKROOT = macosx;
				SWIFT_EMIT_LOC_STRINGS = YES;
				SWIFT_VERSION = 5.0;
			};
			name = Release;
		};
/* End XCBuildConfiguration section */

/* Begin XCConfigurationList section */
		9295AA5A28C47F2F00AC40B1 /* Build configuration list for PBXProject "VerifierSample" */ = {
			isa = XCConfigurationList;
			buildConfigurations = (
				9295AA7228C47F2F00AC40B1 /* Debug */,
				9295AA7328C47F2F00AC40B1 /* Release */,
			);
			defaultConfigurationIsVisible = 0;
			defaultConfigurationName = Release;
		};
		9295AA7428C47F2F00AC40B1 /* Build configuration list for PBXNativeTarget "VerifierSample (iOS)" */ = {
			isa = XCConfigurationList;
			buildConfigurations = (
				9295AA7528C47F2F00AC40B1 /* Debug */,
				9295AA7628C47F2F00AC40B1 /* Release */,
			);
			defaultConfigurationIsVisible = 0;
			defaultConfigurationName = Release;
		};
		9295AA7728C47F2F00AC40B1 /* Build configuration list for PBXNativeTarget "VerifierSample (macOS)" */ = {
			isa = XCConfigurationList;
			buildConfigurations = (
				9295AA7828C47F2F00AC40B1 /* Debug */,
				9295AA7928C47F2F00AC40B1 /* Release */,
			);
			defaultConfigurationIsVisible = 0;
			defaultConfigurationName = Release;
		};
/* End XCConfigurationList section */

/* Begin XCRemoteSwiftPackageReference section */
		91EBDA282982CF5C0060C3E9 /* XCRemoteSwiftPackageReference "AppAuth-iOS" */ = {
			isa = XCRemoteSwiftPackageReference;
			repositoryURL = "https://github.com/openid/AppAuth-iOS.git";
			requirement = {
				kind = upToNextMajorVersion;
				minimumVersion = 1.0.0;
			};
		};
/* End XCRemoteSwiftPackageReference section */

/* Begin XCSwiftPackageProductDependency section */
		91EBDA292982CF5C0060C3E9 /* AppAuth */ = {
			isa = XCSwiftPackageProductDependency;
			package = 91EBDA282982CF5C0060C3E9 /* XCRemoteSwiftPackageReference "AppAuth-iOS" */;
			productName = AppAuth;
		};
/* End XCSwiftPackageProductDependency section */
	};
	rootObject = 9295AA5728C47F2F00AC40B1 /* Project object */;
}
